
Microsoft Visual Studio Solution File, Format Version 12.00
# Visual Studio Version 17
VisualStudioVersion = 17.3.32922.545
MinimumVisualStudioVersion = 10.0.40219.1
Project("{9A19103F-16F7-4668-BE54-9A1E7A4F7556}") = "GateController.API", "GateController.API\GateController.API.csproj", "{6258ED48-B0E0-463F-A4AA-E7728A396BB3}"
EndProject
Project("{FAE04EC0-301F-11D3-BF4B-00C04F79EFBC}") = "GateController.Repository", "GateController.Repository\GateController.Repository.csproj", "{19D7E7AD-7651-4C49-9F3E-F5D2DFD9C900}"
EndProject
Global
	GlobalSection(SolutionConfigurationPlatforms) = preSolution
		Debug|Any CPU = Debug|Any CPU
		Release|Any CPU = Release|Any CPU
	EndGlobalSection
	GlobalSection(ProjectConfigurationPlatforms) = postSolution
		{6258ED48-B0E0-463F-A4AA-E7728A396BB3}.Debug|Any CPU.ActiveCfg = Debug|Any CPU
		{6258ED48-B0E0-463F-A4AA-E7728A396BB3}.Debug|Any CPU.Build.0 = Debug|Any CPU
		{6258ED48-B0E0-463F-A4AA-E7728A396BB3}.Release|Any CPU.ActiveCfg = Release|Any CPU
		{6258ED48-B0E0-463F-A4AA-E7728A396BB3}.Release|Any CPU.Build.0 = Release|Any CPU
		{19D7E7AD-7651-4C49-9F3E-F5D2DFD9C900}.Debug|Any CPU.ActiveCfg = Debug|Any CPU
		{19D7E7AD-7651-4C49-9F3E-F5D2DFD9C900}.Debug|Any CPU.Build.0 = Debug|Any CPU
		{19D7E7AD-7651-4C49-9F3E-F5D2DFD9C900}.Release|Any CPU.ActiveCfg = Release|Any CPU
		{19D7E7AD-7651-4C49-9F3E-F5D2DFD9C900}.Release|Any CPU.Build.0 = Release|Any CPU
	EndGlobalSection
	GlobalSection(SolutionProperties) = preSolution
		HideSolutionNode = FALSE
	EndGlobalSection
	GlobalSection(ExtensibilityGlobals) = postSolution
		SolutionGuid = {E2488225-DA91-4F16-9BBA-40798BF66137}
	EndGlobalSection
EndGlobal
